
Microsoft Visual Studio Solution File, Format Version 12.00
# Visual Studio Version 16
VisualStudioVersion = 16.0.31402.337
MinimumVisualStudioVersion = 10.0.40219.1
Project("{8BC9CEB8-8B4A-11D0-8D11-00A0C91BC942}") = "cvevent", "cvevent.vcxproj", "{3333D5A0-E24D-458D-8C86-88962F4BBA03}"
EndProject
Project("{8BC9CEB8-8B4A-11D0-8D11-00A0C91BC942}") = "stopGo", "stopGo\stopGo.vcxproj", "{2F9F7AB3-132C-4442-8A8C-9A485FAC960A}"
	ProjectSection(ProjectDependencies) = postProject
		{3333D5A0-E24D-458D-8C86-88962F4BBA03} = {3333D5A0-E24D-458D-8C86-88962F4BBA03}
	EndProjectSection
EndProject
Project("{8BC9CEB8-8B4A-11D0-8D11-00A0C91BC942}") = "condition", "condition\condition.vcxproj", "{B89D0DC6-F9BF-4779-A952-6FADC33DB91D}"
	ProjectSection(ProjectDependencies) = postProject
		{3333D5A0-E24D-458D-8C86-88962F4BBA03} = {3333D5A0-E24D-458D-8C86-88962F4BBA03}
	EndProjectSection
EndProject
Project("{2150E333-8FDC-42A3-9474-1A3956D46DE8}") = "tests", "tests", "{23944551-8DBD-4E5D-8BA6-105CC5E69F83}"
EndProject
Global
	GlobalSection(SolutionConfigurationPlatforms) = preSolution
		Debug|ARM = Debug|ARM
		Debug|ARM64 = Debug|ARM64
		Debug|ARM64EC = Debug|ARM64EC
		Debug|x64 = Debug|x64
		Debug|x86 = Debug|x86
		Release|ARM = Release|ARM
		Release|ARM64 = Release|ARM64
		Release|ARM64EC = Release|ARM64EC
		Release|x64 = Release|x64
		Release|x86 = Release|x86
	EndGlobalSection
	GlobalSection(ProjectConfigurationPlatforms) = postSolution
		{3333D5A0-E24D-458D-8C86-88962F4BBA03}.Debug|ARM.ActiveCfg = Debug|Win32
		{3333D5A0-E24D-458D-8C86-88962F4BBA03}.Debug|ARM64.ActiveCfg = Debug|Win32
		{3333D5A0-E24D-458D-8C86-88962F4BBA03}.Debug|ARM64EC.ActiveCfg = Debug|Win32
		{3333D5A0-E24D-458D-8C86-88962F4BBA03}.Debug|x64.ActiveCfg = Debug|x64
		{3333D5A0-E24D-458D-8C86-88962F4BBA03}.Debug|x64.Build.0 = Debug|x64
		{3333D5A0-E24D-458D-8C86-88962F4BBA03}.Debug|x86.ActiveCfg = Debug|Win32
		{3333D5A0-E24D-458D-8C86-88962F4BBA03}.Debug|x86.Build.0 = Debug|Win32
		{3333D5A0-E24D-458D-8C86-88962F4BBA03}.Release|ARM.ActiveCfg = Release|Win32
		{3333D5A0-E24D-458D-8C86-88962F4BBA03}.Release|ARM64.ActiveCfg = Release|Win32
		{3333D5A0-E24D-458D-8C86-88962F4BBA03}.Release|ARM64EC.ActiveCfg = Release|Win32
		{3333D5A0-E24D-458D-8C86-88962F4BBA03}.Release|x64.ActiveCfg = Release|x64
		{3333D5A0-E24D-458D-8C86-88962F4BBA03}.Release|x64.Build.0 = Release|x64
		{3333D5A0-E24D-458D-8C86-88962F4BBA03}.Release|x86.ActiveCfg = Release|Win32
		{3333D5A0-E24D-458D-8C86-88962F4BBA03}.Release|x86.Build.0 = Release|Win32
		{2F9F7AB3-132C-4442-8A8C-9A485FAC960A}.Debug|ARM.ActiveCfg = Debug|ARM
		{2F9F7AB3-132C-4442-8A8C-9A485FAC960A}.Debug|ARM.Build.0 = Debug|ARM
		{2F9F7AB3-132C-4442-8A8C-9A485FAC960A}.Debug|ARM64.ActiveCfg = Debug|ARM64
		{2F9F7AB3-132C-4442-8A8C-9A485FAC960A}.Debug|ARM64.Build.0 = Debug|ARM64
		{2F9F7AB3-132C-4442-8A8C-9A485FAC960A}.Debug|ARM64EC.ActiveCfg = Debug|ARM64EC
		{2F9F7AB3-132C-4442-8A8C-9A485FAC960A}.Debug|ARM64EC.Build.0 = Debug|ARM64EC
		{2F9F7AB3-132C-4442-8A8C-9A485FAC960A}.Debug|x64.ActiveCfg = Debug|x64
		{2F9F7AB3-132C-4442-8A8C-9A485FAC960A}.Debug|x64.Build.0 = Debug|x64
		{2F9F7AB3-132C-4442-8A8C-9A485FAC960A}.Debug|x86.ActiveCfg = Debug|Win32
		{2F9F7AB3-132C-4442-8A8C-9A485FAC960A}.Debug|x86.Build.0 = Debug|Win32
		{2F9F7AB3-132C-4442-8A8C-9A485FAC960A}.Release|ARM.ActiveCfg = Release|ARM
		{2F9F7AB3-132C-4442-8A8C-9A485FAC960A}.Release|ARM.Build.0 = Release|ARM
		{2F9F7AB3-132C-4442-8A8C-9A485FAC960A}.Release|ARM64.ActiveCfg = Release|ARM64
		{2F9F7AB3-132C-4442-8A8C-9A485FAC960A}.Release|ARM64.Build.0 = Release|ARM64
		{2F9F7AB3-132C-4442-8A8C-9A485FAC960A}.Release|ARM64EC.ActiveCfg = Release|ARM64EC
		{2F9F7AB3-132C-4442-8A8C-9A485FAC960A}.Release|ARM64EC.Build.0 = Release|ARM64EC
		{2F9F7AB3-132C-4442-8A8C-9A485FAC960A}.Release|x64.ActiveCfg = Release|x64
		{2F9F7AB3-132C-4442-8A8C-9A485FAC960A}.Release|x64.Build.0 = Release|x64
		{2F9F7AB3-132C-4442-8A8C-9A485FAC960A}.Release|x86.ActiveCfg = Release|Win32
		{2F9F7AB3-132C-4442-8A8C-9A485FAC960A}.Release|x86.Build.0 = Release|Win32
		{B89D0DC6-F9BF-4779-A952-6FADC33DB91D}.Debug|ARM.ActiveCfg = Debug|ARM
		{B89D0DC6-F9BF-4779-A952-6FADC33DB91D}.Debug|ARM.Build.0 = Debug|ARM
		{B89D0DC6-F9BF-4779-A952-6FADC33DB91D}.Debug|ARM64.ActiveCfg = Debug|ARM64
		{B89D0DC6-F9BF-4779-A952-6FADC33DB91D}.Debug|ARM64.Build.0 = Debug|ARM64
		{B89D0DC6-F9BF-4779-A952-6FADC33DB91D}.Debug|ARM64EC.ActiveCfg = Debug|ARM64EC
		{B89D0DC6-F9BF-4779-A952-6FADC33DB91D}.Debug|ARM64EC.Build.0 = Debug|ARM64EC
		{B89D0DC6-F9BF-4779-A952-6FADC33DB91D}.Debug|x64.ActiveCfg = Debug|x64
		{B89D0DC6-F9BF-4779-A952-6FADC33DB91D}.Debug|x64.Build.0 = Debug|x64
		{B89D0DC6-F9BF-4779-A952-6FADC33DB91D}.Debug|x86.ActiveCfg = Debug|Win32
		{B89D0DC6-F9BF-4779-A952-6FADC33DB91D}.Debug|x86.Build.0 = Debug|Win32
		{B89D0DC6-F9BF-4779-A952-6FADC33DB91D}.Release|ARM.ActiveCfg = Release|ARM
		{B89D0DC6-F9BF-4779-A952-6FADC33DB91D}.Release|ARM.Build.0 = Release|ARM
		{B89D0DC6-F9BF-4779-A952-6FADC33DB91D}.Release|ARM64.ActiveCfg = Release|ARM64
		{B89D0DC6-F9BF-4779-A952-6FADC33DB91D}.Release|ARM64.Build.0 = Release|ARM64
		{B89D0DC6-F9BF-4779-A952-6FADC33DB91D}.Release|ARM64EC.ActiveCfg = Release|ARM64EC
		{B89D0DC6-F9BF-4779-A952-6FADC33DB91D}.Release|ARM64EC.Build.0 = Release|ARM64EC
		{B89D0DC6-F9BF-4779-A952-6FADC33DB91D}.Release|x64.ActiveCfg = Release|x64
		{B89D0DC6-F9BF-4779-A952-6FADC33DB91D}.Release|x64.Build.0 = Release|x64
		{B89D0DC6-F9BF-4779-A952-6FADC33DB91D}.Release|x86.ActiveCfg = Release|Win32
		{B89D0DC6-F9BF-4779-A952-6FADC33DB91D}.Release|x86.Build.0 = Release|Win32
	EndGlobalSection
	GlobalSection(SolutionProperties) = preSolution
		HideSolutionNode = FALSE
	EndGlobalSection
	GlobalSection(NestedProjects) = preSolution
		{2F9F7AB3-132C-4442-8A8C-9A485FAC960A} = {23944551-8DBD-4E5D-8BA6-105CC5E69F83}
		{B89D0DC6-F9BF-4779-A952-6FADC33DB91D} = {23944551-8DBD-4E5D-8BA6-105CC5E69F83}
	EndGlobalSection
	GlobalSection(ExtensibilityGlobals) = postSolution
		SolutionGuid = {90E777DD-DE58-4994-BD93-441443858DEC}
	EndGlobalSection
EndGlobal
